PODS:
  - TwilioAccessManager (1.1.2)
  - TwilioChatClient (2.3.3)

DEPENDENCIES:
  - TwilioAccessManager (~> 1.1.2)
  - TwilioChatClient (~> 2.3.0)

SPEC CHECKSUMS:
  TwilioAccessManager: f3b0d9edd2eb5a044e50ff78057ab13611a0baa1
  TwilioChatClient: 9e3562773da96cfd3f34b2112104ee76820f0ab3

PODFILE CHECKSUM: 9104a378cd9a9d4021b06eb8e4ded35bcb686feb

COCOAPODS: 1.3.1
